
Microsoft Visual Studio Solution File, Format Version 12.00
# Visual Studio 15
VisualStudioVersion = 15.0.28307.329
MinimumVisualStudioVersion = 10.0.40219.1
Project("{FAE04EC0-301F-11D3-BF4B-00C04F79EFBC}") = "Ch1_Tests", "Ch1_Tests\Ch1_Tests.csproj", "{806008EB-02E3-428B-B382-204868E1CACD}"
EndProject
Project("{FAE04EC0-301F-11D3-BF4B-00C04F79EFBC}") = "Ch1_Arrays_Strings", "Ch1_Arrays_Strings\Ch1_Arrays_Strings.csproj", "{7023D7DE-BAB4-42E4-A896-A8446818B4E7}"
EndProject
Global
	GlobalSection(SolutionConfigurationPlatforms) = preSolution
		Debug|Any CPU = Debug|Any CPU
		Release|Any CPU = Release|Any CPU
	EndGlobalSection
	GlobalSection(ProjectConfigurationPlatforms) = postSolution
		{806008EB-02E3-428B-B382-204868E1CACD}.Debug|Any CPU.ActiveCfg = Debug|Any CPU
		{806008EB-02E3-428B-B382-204868E1CACD}.Debug|Any CPU.Build.0 = Debug|Any CPU
		{806008EB-02E3-428B-B382-204868E1CACD}.Release|Any CPU.ActiveCfg = Release|Any CPU
		{806008EB-02E3-428B-B382-204868E1CACD}.Release|Any CPU.Build.0 = Release|Any CPU
		{7023D7DE-BAB4-42E4-A896-A8446818B4E7}.Debug|Any CPU.ActiveCfg = Debug|Any CPU
		{7023D7DE-BAB4-42E4-A896-A8446818B4E7}.Debug|Any CPU.Build.0 = Debug|Any CPU
		{7023D7DE-BAB4-42E4-A896-A8446818B4E7}.Release|Any CPU.ActiveCfg = Release|Any CPU
		{7023D7DE-BAB4-42E4-A896-A8446818B4E7}.Release|Any CPU.Build.0 = Release|Any CPU
	EndGlobalSection
	GlobalSection(SolutionProperties) = preSolution
		HideSolutionNode = FALSE
	EndGlobalSection
	GlobalSection(ExtensibilityGlobals) = postSolution
		SolutionGuid = {9CE112EF-F05F-4400-AA1A-7965E6296B13}
	EndGlobalSection
EndGlobal
